
Microsoft Visual Studio Solution File, Format Version 12.00
# Visual Studio Version 17
VisualStudioVersion = 17.6.33717.318
MinimumVisualStudioVersion = 10.0.40219.1
Project("{FAE04EC0-301F-11D3-BF4B-00C04F79EFBC}") = "BlobStorageDemo", "BlobStorageDemo\BlobStorageDemo.csproj", "{5A001FAD-C60B-436E-9B11-CAB764350A35}"
EndProject
Global
	GlobalSection(SolutionConfigurationPlatforms) = preSolution
		Debug|Any CPU = Debug|Any CPU
		Release|Any CPU = Release|Any CPU
	EndGlobalSection
	GlobalSection(ProjectConfigurationPlatforms) = postSolution
		{5A001FAD-C60B-436E-9B11-CAB764350A35}.Debug|Any CPU.ActiveCfg = Debug|Any CPU
		{5A001FAD-C60B-436E-9B11-CAB764350A35}.Debug|Any CPU.Build.0 = Debug|Any CPU
		{5A001FAD-C60B-436E-9B11-CAB764350A35}.Release|Any CPU.ActiveCfg = Release|Any CPU
		{5A001FAD-C60B-436E-9B11-CAB764350A35}.Release|Any CPU.Build.0 = Release|Any CPU
	EndGlobalSection
	GlobalSection(SolutionProperties) = preSolution
		HideSolutionNode = FALSE
	EndGlobalSection
	GlobalSection(ExtensibilityGlobals) = postSolution
		SolutionGuid = {14C464C3-9A39-4758-AE27-40146CF9CBFF}
	EndGlobalSection
EndGlobal
